
Microsoft Visual Studio Solution File, Format Version 12.00
# Visual Studio Version 16
VisualStudioVersion = 16.0.31515.178
MinimumVisualStudioVersion = 10.0.40219.1
Project("{FAE04EC0-301F-11D3-BF4B-00C04F79EFBC}") = "TareaLogin.Android", "TareaLogin.Android\TareaLogin.Android.csproj", "{F9564707-A9AE-4C4D-A963-912E895534E8}"
EndProject
Project("{FAE04EC0-301F-11D3-BF4B-00C04F79EFBC}") = "TareaLogin", "TareaLogin\TareaLogin.csproj", "{53B2560D-3975-40A6-B662-D828C6E3EDC4}"
EndProject
Global
	GlobalSection(SolutionConfigurationPlatforms) = preSolution
		Debug|Any CPU = Debug|Any CPU
		Release|Any CPU = Release|Any CPU
	EndGlobalSection
	GlobalSection(ProjectConfigurationPlatforms) = postSolution
		{F9564707-A9AE-4C4D-A963-912E895534E8}.Debug|Any CPU.ActiveCfg = Debug|Any CPU
		{F9564707-A9AE-4C4D-A963-912E895534E8}.Debug|Any CPU.Build.0 = Debug|Any CPU
		{F9564707-A9AE-4C4D-A963-912E895534E8}.Debug|Any CPU.Deploy.0 = Debug|Any CPU
		{F9564707-A9AE-4C4D-A963-912E895534E8}.Release|Any CPU.ActiveCfg = Release|Any CPU
		{F9564707-A9AE-4C4D-A963-912E895534E8}.Release|Any CPU.Build.0 = Release|Any CPU
		{F9564707-A9AE-4C4D-A963-912E895534E8}.Release|Any CPU.Deploy.0 = Release|Any CPU
		{53B2560D-3975-40A6-B662-D828C6E3EDC4}.Debug|Any CPU.ActiveCfg = Debug|Any CPU
		{53B2560D-3975-40A6-B662-D828C6E3EDC4}.Debug|Any CPU.Build.0 = Debug|Any CPU
		{53B2560D-3975-40A6-B662-D828C6E3EDC4}.Debug|Any CPU.Deploy.0 = Debug|Any CPU
		{53B2560D-3975-40A6-B662-D828C6E3EDC4}.Release|Any CPU.ActiveCfg = Release|Any CPU
		{53B2560D-3975-40A6-B662-D828C6E3EDC4}.Release|Any CPU.Build.0 = Release|Any CPU
		{53B2560D-3975-40A6-B662-D828C6E3EDC4}.Release|Any CPU.Deploy.0 = Release|Any CPU
	EndGlobalSection
	GlobalSection(SolutionProperties) = preSolution
		HideSolutionNode = FALSE
	EndGlobalSection
	GlobalSection(ExtensibilityGlobals) = postSolution
		SolutionGuid = {445CF767-17A8-4D8A-842E-F1A67B400161}
	EndGlobalSection
EndGlobal
